
Microsoft Visual Studio Solution File, Format Version 12.00
# Visual Studio 2012
Project("{FAE04EC0-301F-11D3-BF4B-00C04F79EFBC}") = "Xamarin.Forms.Platform.iOS.Doodle", "Xamarin.Forms.Platform.iOS.Doodle\Xamarin.Forms.Platform.iOS.Doodle.csproj", "{FD73D7C7-8FED-46E2-B679-E0AA71BDCB41}"
EndProject
Project("{2150E333-8FDC-42A3-9474-1A3956D46DE8}") = "Xamarin.Forms", "Xamarin.Forms", "{0198118E-BDCA-4578-9F31-1F87D2587582}"
EndProject
Project("{2150E333-8FDC-42A3-9474-1A3956D46DE8}") = "Samples", "Samples", "{7458F13F-B725-4469-A42D-2A33147A2943}"
EndProject
Project("{D954291E-2A0B-460D-934E-DC6B0785DB48}") = "Xamarin.Flex", "Xamarin.Forms\Xamarin.Flex\Xamarin.Flex.shproj", "{A6703C7D-D362-452A-A7A5-73771194D38C}"
EndProject
Project("{FAE04EC0-301F-11D3-BF4B-00C04F79EFBC}") = "Xamarin.Forms.Core", "Xamarin.Forms\Xamarin.Forms.Core\Xamarin.Forms.Core.csproj", "{D57C3194-6E37-4927-9DC0-37C88B341895}"
EndProject
Project("{FAE04EC0-301F-11D3-BF4B-00C04F79EFBC}") = "Xamarin.Forms.Platform", "Xamarin.Forms\Xamarin.Forms.Platform\Xamarin.Forms.Platform.csproj", "{6AAA0462-2909-41D6-88E9-3D4BFF643B56}"
EndProject
Project("{FAE04EC0-301F-11D3-BF4B-00C04F79EFBC}") = "Xamarin.Forms.Doodle.DoodleApp.Android", "Xamarin.Forms.Doodle.DoodleApp.Android\Xamarin.Forms.Doodle.DoodleApp.Android.csproj", "{E948F248-A092-4D49-9A6A-C5EEAF855F29}"
EndProject
Project("{FAE04EC0-301F-11D3-BF4B-00C04F79EFBC}") = "Xamarin.Forms.Doodle.DoodleApp.iOS", "Xamarin.Forms.Doodle.DoodleApp.iOS\Xamarin.Forms.Doodle.DoodleApp.iOS.csproj", "{52BB7ABA-9C56-4969-8BA9-C058B141DE2E}"
EndProject
Project("{FAE04EC0-301F-11D3-BF4B-00C04F79EFBC}") = "Xamarin.Forms.Doodle.DoodleApp", "Xamarin.Forms.Doodle.DoodleApp\Xamarin.Forms.Doodle.DoodleApp.csproj", "{E5779B6F-A9C3-46A9-94A3-9772ECCF4C13}"
EndProject
Project("{FAE04EC0-301F-11D3-BF4B-00C04F79EFBC}") = "Xamarin.Forms.Platform.iOS", "Xamarin.Forms\Xamarin.Forms.Platform.iOS\Xamarin.Forms.Platform.iOS.csproj", "{271193C1-6E7C-429C-A36D-3F1BE5267231}"
EndProject
Project("{FAE04EC0-301F-11D3-BF4B-00C04F79EFBC}") = "Xamarin.Forms.Doodle.DoodleApp.iOSNative", "Xamarin.Forms.Doodle.DoodleApp.iOSNative\Xamarin.Forms.Doodle.DoodleApp.iOSNative.csproj", "{64753B2B-09FF-4B72-988D-B23070AE3F94}"
EndProject
Global
	GlobalSection(SolutionConfigurationPlatforms) = preSolution
		Debug|Any CPU = Debug|Any CPU
		Release|Any CPU = Release|Any CPU
		Debug|iPhoneSimulator = Debug|iPhoneSimulator
		Release|iPhoneSimulator = Release|iPhoneSimulator
		Debug|iPhone = Debug|iPhone
		Release|iPhone = Release|iPhone
		Ad-Hoc|iPhone = Ad-Hoc|iPhone
		AppStore|iPhone = AppStore|iPhone
	EndGlobalSection
	GlobalSection(ProjectConfigurationPlatforms) = postSolution
		{FD73D7C7-8FED-46E2-B679-E0AA71BDCB41}.Debug|Any CPU.ActiveCfg = Debug|Any CPU
		{FD73D7C7-8FED-46E2-B679-E0AA71BDCB41}.Debug|Any CPU.Build.0 = Debug|Any CPU
		{FD73D7C7-8FED-46E2-B679-E0AA71BDCB41}.Release|Any CPU.ActiveCfg = Release|Any CPU
		{FD73D7C7-8FED-46E2-B679-E0AA71BDCB41}.Release|Any CPU.Build.0 = Release|Any CPU
		{FD73D7C7-8FED-46E2-B679-E0AA71BDCB41}.Debug|iPhoneSimulator.ActiveCfg = Debug|Any CPU
		{FD73D7C7-8FED-46E2-B679-E0AA71BDCB41}.Debug|iPhoneSimulator.Build.0 = Debug|Any CPU
		{FD73D7C7-8FED-46E2-B679-E0AA71BDCB41}.Release|iPhoneSimulator.ActiveCfg = Release|Any CPU
		{FD73D7C7-8FED-46E2-B679-E0AA71BDCB41}.Release|iPhoneSimulator.Build.0 = Release|Any CPU
		{FD73D7C7-8FED-46E2-B679-E0AA71BDCB41}.Debug|iPhone.ActiveCfg = Debug|Any CPU
		{FD73D7C7-8FED-46E2-B679-E0AA71BDCB41}.Debug|iPhone.Build.0 = Debug|Any CPU
		{FD73D7C7-8FED-46E2-B679-E0AA71BDCB41}.Release|iPhone.ActiveCfg = Release|Any CPU
		{FD73D7C7-8FED-46E2-B679-E0AA71BDCB41}.Release|iPhone.Build.0 = Release|Any CPU
		{FD73D7C7-8FED-46E2-B679-E0AA71BDCB41}.Ad-Hoc|iPhone.ActiveCfg = Debug|Any CPU
		{FD73D7C7-8FED-46E2-B679-E0AA71BDCB41}.Ad-Hoc|iPhone.Build.0 = Debug|Any CPU
		{FD73D7C7-8FED-46E2-B679-E0AA71BDCB41}.AppStore|iPhone.ActiveCfg = Debug|Any CPU
		{FD73D7C7-8FED-46E2-B679-E0AA71BDCB41}.AppStore|iPhone.Build.0 = Debug|Any CPU
		{D57C3194-6E37-4927-9DC0-37C88B341895}.Debug|Any CPU.ActiveCfg = Debug|Any CPU
		{D57C3194-6E37-4927-9DC0-37C88B341895}.Debug|Any CPU.Build.0 = Debug|Any CPU
		{D57C3194-6E37-4927-9DC0-37C88B341895}.Release|Any CPU.ActiveCfg = Release|Any CPU
		{D57C3194-6E37-4927-9DC0-37C88B341895}.Release|Any CPU.Build.0 = Release|Any CPU
		{D57C3194-6E37-4927-9DC0-37C88B341895}.Debug|iPhoneSimulator.ActiveCfg = Debug|Any CPU
		{D57C3194-6E37-4927-9DC0-37C88B341895}.Debug|iPhoneSimulator.Build.0 = Debug|Any CPU
		{D57C3194-6E37-4927-9DC0-37C88B341895}.Release|iPhoneSimulator.ActiveCfg = Release|Any CPU
		{D57C3194-6E37-4927-9DC0-37C88B341895}.Release|iPhoneSimulator.Build.0 = Release|Any CPU
		{D57C3194-6E37-4927-9DC0-37C88B341895}.Debug|iPhone.ActiveCfg = Debug|Any CPU
		{D57C3194-6E37-4927-9DC0-37C88B341895}.Debug|iPhone.Build.0 = Debug|Any CPU
		{D57C3194-6E37-4927-9DC0-37C88B341895}.Release|iPhone.ActiveCfg = Release|Any CPU
		{D57C3194-6E37-4927-9DC0-37C88B341895}.Release|iPhone.Build.0 = Release|Any CPU
		{D57C3194-6E37-4927-9DC0-37C88B341895}.Ad-Hoc|iPhone.ActiveCfg = Debug|Any CPU
		{D57C3194-6E37-4927-9DC0-37C88B341895}.Ad-Hoc|iPhone.Build.0 = Debug|Any CPU
		{D57C3194-6E37-4927-9DC0-37C88B341895}.AppStore|iPhone.ActiveCfg = Debug|Any CPU
		{D57C3194-6E37-4927-9DC0-37C88B341895}.AppStore|iPhone.Build.0 = Debug|Any CPU
		{6AAA0462-2909-41D6-88E9-3D4BFF643B56}.Debug|Any CPU.ActiveCfg = Debug|Any CPU
		{6AAA0462-2909-41D6-88E9-3D4BFF643B56}.Debug|Any CPU.Build.0 = Debug|Any CPU
		{6AAA0462-2909-41D6-88E9-3D4BFF643B56}.Release|Any CPU.ActiveCfg = Release|Any CPU
		{6AAA0462-2909-41D6-88E9-3D4BFF643B56}.Release|Any CPU.Build.0 = Release|Any CPU
		{6AAA0462-2909-41D6-88E9-3D4BFF643B56}.Debug|iPhoneSimulator.ActiveCfg = Debug|Any CPU
		{6AAA0462-2909-41D6-88E9-3D4BFF643B56}.Debug|iPhoneSimulator.Build.0 = Debug|Any CPU
		{6AAA0462-2909-41D6-88E9-3D4BFF643B56}.Release|iPhoneSimulator.ActiveCfg = Release|Any CPU
		{6AAA0462-2909-41D6-88E9-3D4BFF643B56}.Release|iPhoneSimulator.Build.0 = Release|Any CPU
		{6AAA0462-2909-41D6-88E9-3D4BFF643B56}.Debug|iPhone.ActiveCfg = Debug|Any CPU
		{6AAA0462-2909-41D6-88E9-3D4BFF643B56}.Debug|iPhone.Build.0 = Debug|Any CPU
		{6AAA0462-2909-41D6-88E9-3D4BFF643B56}.Release|iPhone.ActiveCfg = Release|Any CPU
		{6AAA0462-2909-41D6-88E9-3D4BFF643B56}.Release|iPhone.Build.0 = Release|Any CPU
		{6AAA0462-2909-41D6-88E9-3D4BFF643B56}.Ad-Hoc|iPhone.ActiveCfg = Debug|Any CPU
		{6AAA0462-2909-41D6-88E9-3D4BFF643B56}.Ad-Hoc|iPhone.Build.0 = Debug|Any CPU
		{6AAA0462-2909-41D6-88E9-3D4BFF643B56}.AppStore|iPhone.ActiveCfg = Debug|Any CPU
		{6AAA0462-2909-41D6-88E9-3D4BFF643B56}.AppStore|iPhone.Build.0 = Debug|Any CPU
		{E948F248-A092-4D49-9A6A-C5EEAF855F29}.Debug|Any CPU.ActiveCfg = Debug|Any CPU
		{E948F248-A092-4D49-9A6A-C5EEAF855F29}.Debug|Any CPU.Build.0 = Debug|Any CPU
		{E948F248-A092-4D49-9A6A-C5EEAF855F29}.Release|Any CPU.ActiveCfg = Release|Any CPU
		{E948F248-A092-4D49-9A6A-C5EEAF855F29}.Release|Any CPU.Build.0 = Release|Any CPU
		{E948F248-A092-4D49-9A6A-C5EEAF855F29}.Debug|iPhoneSimulator.ActiveCfg = Debug|Any CPU
		{E948F248-A092-4D49-9A6A-C5EEAF855F29}.Debug|iPhoneSimulator.Build.0 = Debug|Any CPU
		{E948F248-A092-4D49-9A6A-C5EEAF855F29}.Release|iPhoneSimulator.ActiveCfg = Release|Any CPU
		{E948F248-A092-4D49-9A6A-C5EEAF855F29}.Release|iPhoneSimulator.Build.0 = Release|Any CPU
		{E948F248-A092-4D49-9A6A-C5EEAF855F29}.Debug|iPhone.ActiveCfg = Debug|Any CPU
		{E948F248-A092-4D49-9A6A-C5EEAF855F29}.Debug|iPhone.Build.0 = Debug|Any CPU
		{E948F248-A092-4D49-9A6A-C5EEAF855F29}.Release|iPhone.ActiveCfg = Release|Any CPU
		{E948F248-A092-4D49-9A6A-C5EEAF855F29}.Release|iPhone.Build.0 = Release|Any CPU
		{E948F248-A092-4D49-9A6A-C5EEAF855F29}.Ad-Hoc|iPhone.ActiveCfg = Debug|Any CPU
		{E948F248-A092-4D49-9A6A-C5EEAF855F29}.Ad-Hoc|iPhone.Build.0 = Debug|Any CPU
		{E948F248-A092-4D49-9A6A-C5EEAF855F29}.AppStore|iPhone.ActiveCfg = Debug|Any CPU
		{E948F248-A092-4D49-9A6A-C5EEAF855F29}.AppStore|iPhone.Build.0 = Debug|Any CPU
		{52BB7ABA-9C56-4969-8BA9-C058B141DE2E}.Debug|Any CPU.ActiveCfg = Debug|iPhoneSimulator
		{52BB7ABA-9C56-4969-8BA9-C058B141DE2E}.Debug|Any CPU.Build.0 = Debug|iPhoneSimulator
		{52BB7ABA-9C56-4969-8BA9-C058B141DE2E}.Release|Any CPU.ActiveCfg = Release|iPhoneSimulator
		{52BB7ABA-9C56-4969-8BA9-C058B141DE2E}.Release|Any CPU.Build.0 = Release|iPhoneSimulator
		{52BB7ABA-9C56-4969-8BA9-C058B141DE2E}.Debug|iPhoneSimulator.ActiveCfg = Debug|iPhoneSimulator
		{52BB7ABA-9C56-4969-8BA9-C058B141DE2E}.Debug|iPhoneSimulator.Build.0 = Debug|iPhoneSimulator
		{52BB7ABA-9C56-4969-8BA9-C058B141DE2E}.Release|iPhoneSimulator.ActiveCfg = Release|iPhoneSimulator
		{52BB7ABA-9C56-4969-8BA9-C058B141DE2E}.Release|iPhoneSimulator.Build.0 = Release|iPhoneSimulator
		{52BB7ABA-9C56-4969-8BA9-C058B141DE2E}.Debug|iPhone.ActiveCfg = Debug|iPhone
		{52BB7ABA-9C56-4969-8BA9-C058B141DE2E}.Debug|iPhone.Build.0 = Debug|iPhone
		{52BB7ABA-9C56-4969-8BA9-C058B141DE2E}.Release|iPhone.ActiveCfg = Release|iPhone
		{52BB7ABA-9C56-4969-8BA9-C058B141DE2E}.Release|iPhone.Build.0 = Release|iPhone
		{52BB7ABA-9C56-4969-8BA9-C058B141DE2E}.Ad-Hoc|iPhone.ActiveCfg = Ad-Hoc|iPhone
		{52BB7ABA-9C56-4969-8BA9-C058B141DE2E}.Ad-Hoc|iPhone.Build.0 = Ad-Hoc|iPhone
		{52BB7ABA-9C56-4969-8BA9-C058B141DE2E}.AppStore|iPhone.ActiveCfg = AppStore|iPhone
		{52BB7ABA-9C56-4969-8BA9-C058B141DE2E}.AppStore|iPhone.Build.0 = AppStore|iPhone
		{E5779B6F-A9C3-46A9-94A3-9772ECCF4C13}.Debug|Any CPU.ActiveCfg = Debug|Any CPU
		{E5779B6F-A9C3-46A9-94A3-9772ECCF4C13}.Debug|Any CPU.Build.0 = Debug|Any CPU
		{E5779B6F-A9C3-46A9-94A3-9772ECCF4C13}.Release|Any CPU.ActiveCfg = Release|Any CPU
		{E5779B6F-A9C3-46A9-94A3-9772ECCF4C13}.Release|Any CPU.Build.0 = Release|Any CPU
		{E5779B6F-A9C3-46A9-94A3-9772ECCF4C13}.Debug|iPhoneSimulator.ActiveCfg = Debug|Any CPU
		{E5779B6F-A9C3-46A9-94A3-9772ECCF4C13}.Debug|iPhoneSimulator.Build.0 = Debug|Any CPU
		{E5779B6F-A9C3-46A9-94A3-9772ECCF4C13}.Release|iPhoneSimulator.ActiveCfg = Release|Any CPU
		{E5779B6F-A9C3-46A9-94A3-9772ECCF4C13}.Release|iPhoneSimulator.Build.0 = Release|Any CPU
		{E5779B6F-A9C3-46A9-94A3-9772ECCF4C13}.Debug|iPhone.ActiveCfg = Debug|Any CPU
		{E5779B6F-A9C3-46A9-94A3-9772ECCF4C13}.Debug|iPhone.Build.0 = Debug|Any CPU
		{E5779B6F-A9C3-46A9-94A3-9772ECCF4C13}.Release|iPhone.ActiveCfg = Release|Any CPU
		{E5779B6F-A9C3-46A9-94A3-9772ECCF4C13}.Release|iPhone.Build.0 = Release|Any CPU
		{E5779B6F-A9C3-46A9-94A3-9772ECCF4C13}.Ad-Hoc|iPhone.ActiveCfg = Debug|Any CPU
		{E5779B6F-A9C3-46A9-94A3-9772ECCF4C13}.Ad-Hoc|iPhone.Build.0 = Debug|Any CPU
		{E5779B6F-A9C3-46A9-94A3-9772ECCF4C13}.AppStore|iPhone.ActiveCfg = Debug|Any CPU
		{E5779B6F-A9C3-46A9-94A3-9772ECCF4C13}.AppStore|iPhone.Build.0 = Debug|Any CPU
		{271193C1-6E7C-429C-A36D-3F1BE5267231}.Debug|Any CPU.ActiveCfg = Debug|Any CPU
		{271193C1-6E7C-429C-A36D-3F1BE5267231}.Debug|Any CPU.Build.0 = Debug|Any CPU
		{271193C1-6E7C-429C-A36D-3F1BE5267231}.Release|Any CPU.ActiveCfg = Release|Any CPU
		{271193C1-6E7C-429C-A36D-3F1BE5267231}.Release|Any CPU.Build.0 = Release|Any CPU
		{271193C1-6E7C-429C-A36D-3F1BE5267231}.Debug|iPhoneSimulator.ActiveCfg = Debug|Any CPU
		{271193C1-6E7C-429C-A36D-3F1BE5267231}.Debug|iPhoneSimulator.Build.0 = Debug|Any CPU
		{271193C1-6E7C-429C-A36D-3F1BE5267231}.Release|iPhoneSimulator.ActiveCfg = Release|Any CPU
		{271193C1-6E7C-429C-A36D-3F1BE5267231}.Release|iPhoneSimulator.Build.0 = Release|Any CPU
		{271193C1-6E7C-429C-A36D-3F1BE5267231}.Debug|iPhone.ActiveCfg = Debug|Any CPU
		{271193C1-6E7C-429C-A36D-3F1BE5267231}.Debug|iPhone.Build.0 = Debug|Any CPU
		{271193C1-6E7C-429C-A36D-3F1BE5267231}.Release|iPhone.ActiveCfg = Release|Any CPU
		{271193C1-6E7C-429C-A36D-3F1BE5267231}.Release|iPhone.Build.0 = Release|Any CPU
		{271193C1-6E7C-429C-A36D-3F1BE5267231}.Ad-Hoc|iPhone.ActiveCfg = Release|Any CPU
		{271193C1-6E7C-429C-A36D-3F1BE5267231}.Ad-Hoc|iPhone.Build.0 = Release|Any CPU
		{271193C1-6E7C-429C-A36D-3F1BE5267231}.AppStore|iPhone.ActiveCfg = Release|Any CPU
		{271193C1-6E7C-429C-A36D-3F1BE5267231}.AppStore|iPhone.Build.0 = Release|Any CPU
		{64753B2B-09FF-4B72-988D-B23070AE3F94}.Debug|Any CPU.ActiveCfg = Debug|iPhoneSimulator
		{64753B2B-09FF-4B72-988D-B23070AE3F94}.Debug|Any CPU.Build.0 = Debug|iPhoneSimulator
		{64753B2B-09FF-4B72-988D-B23070AE3F94}.Release|Any CPU.ActiveCfg = Release|iPhoneSimulator
		{64753B2B-09FF-4B72-988D-B23070AE3F94}.Release|Any CPU.Build.0 = Release|iPhoneSimulator
		{64753B2B-09FF-4B72-988D-B23070AE3F94}.Debug|iPhoneSimulator.ActiveCfg = Debug|iPhoneSimulator
		{64753B2B-09FF-4B72-988D-B23070AE3F94}.Debug|iPhoneSimulator.Build.0 = Debug|iPhoneSimulator
		{64753B2B-09FF-4B72-988D-B23070AE3F94}.Release|iPhoneSimulator.ActiveCfg = Release|iPhoneSimulator
		{64753B2B-09FF-4B72-988D-B23070AE3F94}.Release|iPhoneSimulator.Build.0 = Release|iPhoneSimulator
		{64753B2B-09FF-4B72-988D-B23070AE3F94}.Debug|iPhone.ActiveCfg = Debug|iPhone
		{64753B2B-09FF-4B72-988D-B23070AE3F94}.Debug|iPhone.Build.0 = Debug|iPhone
		{64753B2B-09FF-4B72-988D-B23070AE3F94}.Release|iPhone.ActiveCfg = Release|iPhone
		{64753B2B-09FF-4B72-988D-B23070AE3F94}.Release|iPhone.Build.0 = Release|iPhone
		{64753B2B-09FF-4B72-988D-B23070AE3F94}.Ad-Hoc|iPhone.ActiveCfg = Release|iPhone
		{64753B2B-09FF-4B72-988D-B23070AE3F94}.Ad-Hoc|iPhone.Build.0 = Release|iPhone
		{64753B2B-09FF-4B72-988D-B23070AE3F94}.AppStore|iPhone.ActiveCfg = Release|iPhone
		{64753B2B-09FF-4B72-988D-B23070AE3F94}.AppStore|iPhone.Build.0 = Release|iPhone
	EndGlobalSection
	GlobalSection(NestedProjects) = preSolution
		{FD73D7C7-8FED-46E2-B679-E0AA71BDCB41} = {0198118E-BDCA-4578-9F31-1F87D2587582}
		{A6703C7D-D362-452A-A7A5-73771194D38C} = {0198118E-BDCA-4578-9F31-1F87D2587582}
		{D57C3194-6E37-4927-9DC0-37C88B341895} = {0198118E-BDCA-4578-9F31-1F87D2587582}
		{6AAA0462-2909-41D6-88E9-3D4BFF643B56} = {0198118E-BDCA-4578-9F31-1F87D2587582}
		{E948F248-A092-4D49-9A6A-C5EEAF855F29} = {7458F13F-B725-4469-A42D-2A33147A2943}
		{52BB7ABA-9C56-4969-8BA9-C058B141DE2E} = {7458F13F-B725-4469-A42D-2A33147A2943}
		{E5779B6F-A9C3-46A9-94A3-9772ECCF4C13} = {7458F13F-B725-4469-A42D-2A33147A2943}
		{271193C1-6E7C-429C-A36D-3F1BE5267231} = {0198118E-BDCA-4578-9F31-1F87D2587582}
		{64753B2B-09FF-4B72-988D-B23070AE3F94} = {7458F13F-B725-4469-A42D-2A33147A2943}
	EndGlobalSection
EndGlobal
